{
  "nodes": {
    "flake-utils": {
      "inputs": {
        "systems": "systems"
      },
      "locked": {
        "lastModified": 1710146030,
        "narHash": "sha256-SZ5L6eA7HJ/nmkzGG7/ISclqe6oZdOZTNoesiInkXPQ=",
        "owner": "numtide",
        "repo": "flake-utils",
        "rev": "b1d9ab70662946ef0850d488da1c9019f3a9752a",
        "type": "github"
      },
      "original": {
        "owner": "numtide",
        "repo": "flake-utils",
        "type": "github"
      }
    },
    "flake-utils_10": {
      "inputs": {
        "systems": "systems_7"
      },
      "locked": {
        "lastModified": 1705309234,
        "narHash": "sha256-uNRRNRKmJyCRC/8y1RqBkqWBLM034y4qN7EprSdmgyA=",
        "owner": "numtide",
        "repo": "flake-utils",
        "rev": "1ef2e671c3b0c19053962c07dbda38332dcebf26",
        "type": "github"
      },
      "original": {
        "owner": "numtide",
        "repo": "flake-utils",
        "type": "github"
      }
    },
    "flake-utils_11": {
      "inputs": {
        "systems": "systems_8"
      },
      "locked": {
        "lastModified": 1705309234,
        "narHash": "sha256-uNRRNRKmJyCRC/8y1RqBkqWBLM034y4qN7EprSdmgyA=",
        "owner": "numtide",
        "repo": "flake-utils",
        "rev": "1ef2e671c3b0c19053962c07dbda38332dcebf26",
        "type": "github"
      },
      "original": {
        "owner": "numtide",
        "repo": "flake-utils",
        "type": "github"
      }
    },
    "flake-utils_12": {
      "locked": {
        "lastModified": 1644229661,
        "narHash": "sha256-1YdnJAsNy69bpcjuoKdOYQX0YxZBiCYZo4Twxerqv7k=",
        "owner": "numtide",
        "repo": "flake-utils",
        "rev": "3cecb5b042f7f209c56ffd8371b2711a290ec797",
        "type": "github"
      },
      "original": {
        "owner": "numtide",
        "repo": "flake-utils",
        "type": "github"
      }
    },
    "flake-utils_13": {
      "inputs": {
        "systems": "systems_9"
      },
      "locked": {
        "lastModified": 1687171271,
        "narHash": "sha256-BJlq+ozK2B1sJDQXS3tzJM5a+oVZmi1q0FlBK/Xqv7M=",
        "owner": "numtide",
        "repo": "flake-utils",
        "rev": "abfb11bd1aec8ced1c9bb9adfe68018230f4fb3c",
        "type": "github"
      },
      "original": {
        "owner": "numtide",
        "repo": "flake-utils",
        "type": "github"
      }
    },
    "flake-utils_14": {
      "inputs": {
        "systems": "systems_10"
      },
      "locked": {
        "lastModified": 1681202837,
        "narHash": "sha256-H+Rh19JDwRtpVPAWp64F+rlEtxUWBAQW28eAi3SRSzg=",
        "owner": "numtide",
        "repo": "flake-utils",
        "rev": "cfacdce06f30d2b68473a46042957675eebb3401",
        "type": "github"
      },
      "original": {
        "owner": "numtide",
        "repo": "flake-utils",
        "type": "github"
      }
    },
    "flake-utils_15": {
      "inputs": {
        "systems": "systems_11"
      },
      "locked": {
        "lastModified": 1705309234,
        "narHash": "sha256-uNRRNRKmJyCRC/8y1RqBkqWBLM034y4qN7EprSdmgyA=",
        "owner": "numtide",
        "repo": "flake-utils",
        "rev": "1ef2e671c3b0c19053962c07dbda38332dcebf26",
        "type": "github"
      },
      "original": {
        "owner": "numtide",
        "repo": "flake-utils",
        "type": "github"
      }
    },
    "flake-utils_16": {
      "inputs": {
        "systems": "systems_12"
      },
      "locked": {
        "lastModified": 1705309234,
        "narHash": "sha256-uNRRNRKmJyCRC/8y1RqBkqWBLM034y4qN7EprSdmgyA=",
        "owner": "numtide",
        "repo": "flake-utils",
        "rev": "1ef2e671c3b0c19053962c07dbda38332dcebf26",
        "type": "github"
      },
      "original": {
        "owner": "numtide",
        "repo": "flake-utils",
        "type": "github"
      }
    },
    "flake-utils_17": {
      "inputs": {
        "systems": "systems_13"
      },
      "locked": {
        "lastModified": 1705309234,
        "narHash": "sha256-uNRRNRKmJyCRC/8y1RqBkqWBLM034y4qN7EprSdmgyA=",
        "owner": "numtide",
        "repo": "flake-utils",
        "rev": "1ef2e671c3b0c19053962c07dbda38332dcebf26",
        "type": "github"
      },
      "original": {
        "owner": "numtide",
        "repo": "flake-utils",
        "type": "github"
      }
    },
    "flake-utils_18": {
      "inputs": {
        "systems": "systems_14"
      },
      "locked": {
        "lastModified": 1705309234,
        "narHash": "sha256-uNRRNRKmJyCRC/8y1RqBkqWBLM034y4qN7EprSdmgyA=",
        "owner": "numtide",
        "repo": "flake-utils",
        "rev": "1ef2e671c3b0c19053962c07dbda38332dcebf26",
        "type": "github"
      },
      "original": {
        "owner": "numtide",
        "repo": "flake-utils",
        "type": "github"
      }
    },
    "flake-utils_19": {
      "inputs": {
        "systems": "systems_15"
      },
      "locked": {
        "lastModified": 1705309234,
        "narHash": "sha256-uNRRNRKmJyCRC/8y1RqBkqWBLM034y4qN7EprSdmgyA=",
        "owner": "numtide",
        "repo": "flake-utils",
        "rev": "1ef2e671c3b0c19053962c07dbda38332dcebf26",
        "type": "github"
      },
      "original": {
        "owner": "numtide",
        "repo": "flake-utils",
        "type": "github"
      }
    },
    "flake-utils_2": {
      "inputs": {
        "systems": "systems_2"
      },
      "locked": {
        "lastModified": 1710146030,
        "narHash": "sha256-SZ5L6eA7HJ/nmkzGG7/ISclqe6oZdOZTNoesiInkXPQ=",
        "owner": "numtide",
        "repo": "flake-utils",
        "rev": "b1d9ab70662946ef0850d488da1c9019f3a9752a",
        "type": "github"
      },
      "original": {
        "owner": "numtide",
        "repo": "flake-utils",
        "type": "github"
      }
    },
    "flake-utils_3": {
      "locked": {
        "lastModified": 1644229661,
        "narHash": "sha256-1YdnJAsNy69bpcjuoKdOYQX0YxZBiCYZo4Twxerqv7k=",
        "owner": "numtide",
        "repo": "flake-utils",
        "rev": "3cecb5b042f7f209c56ffd8371b2711a290ec797",
        "type": "github"
      },
      "original": {
        "owner": "numtide",
        "repo": "flake-utils",
        "type": "github"
      }
    },
    "flake-utils_4": {
      "inputs": {
        "systems": "systems_3"
      },
      "locked": {
        "lastModified": 1710146030,
        "narHash": "sha256-SZ5L6eA7HJ/nmkzGG7/ISclqe6oZdOZTNoesiInkXPQ=",
        "owner": "numtide",
        "repo": "flake-utils",
        "rev": "b1d9ab70662946ef0850d488da1c9019f3a9752a",
        "type": "github"
      },
      "original": {
        "owner": "numtide",
        "repo": "flake-utils",
        "type": "github"
      }
    },
    "flake-utils_5": {
      "inputs": {
        "systems": "systems_4"
      },
      "locked": {
        "lastModified": 1710146030,
        "narHash": "sha256-SZ5L6eA7HJ/nmkzGG7/ISclqe6oZdOZTNoesiInkXPQ=",
        "owner": "numtide",
        "repo": "flake-utils",
        "rev": "b1d9ab70662946ef0850d488da1c9019f3a9752a",
        "type": "github"
      },
      "original": {
        "owner": "numtide",
        "repo": "flake-utils",
        "type": "github"
      }
    },
    "flake-utils_6": {
      "locked": {
        "lastModified": 1644229661,
        "narHash": "sha256-1YdnJAsNy69bpcjuoKdOYQX0YxZBiCYZo4Twxerqv7k=",
        "owner": "numtide",
        "repo": "flake-utils",
        "rev": "3cecb5b042f7f209c56ffd8371b2711a290ec797",
        "type": "github"
      },
      "original": {
        "owner": "numtide",
        "repo": "flake-utils",
        "type": "github"
      }
    },
    "flake-utils_7": {
      "inputs": {
        "systems": "systems_5"
      },
      "locked": {
        "lastModified": 1705309234,
        "narHash": "sha256-uNRRNRKmJyCRC/8y1RqBkqWBLM034y4qN7EprSdmgyA=",
        "owner": "numtide",
        "repo": "flake-utils",
        "rev": "1ef2e671c3b0c19053962c07dbda38332dcebf26",
        "type": "github"
      },
      "original": {
        "owner": "numtide",
        "repo": "flake-utils",
        "type": "github"
      }
    },
    "flake-utils_8": {
      "inputs": {
        "systems": "systems_6"
      },
      "locked": {
        "lastModified": 1705309234,
        "narHash": "sha256-uNRRNRKmJyCRC/8y1RqBkqWBLM034y4qN7EprSdmgyA=",
        "owner": "numtide",
        "repo": "flake-utils",
        "rev": "1ef2e671c3b0c19053962c07dbda38332dcebf26",
        "type": "github"
      },
      "original": {
        "owner": "numtide",
        "repo": "flake-utils",
        "type": "github"
      }
    },
    "flake-utils_9": {
      "locked": {
        "lastModified": 1644229661,
        "narHash": "sha256-1YdnJAsNy69bpcjuoKdOYQX0YxZBiCYZo4Twxerqv7k=",
        "owner": "numtide",
        "repo": "flake-utils",
        "rev": "3cecb5b042f7f209c56ffd8371b2711a290ec797",
        "type": "github"
      },
      "original": {
        "owner": "numtide",
        "repo": "flake-utils",
        "type": "github"
      }
    },
    "foundry": {
      "inputs": {
        "flake-utils": "flake-utils_3",
        "nixpkgs": "nixpkgs"
      },
      "locked": {
        "lastModified": 1712135466,
        "narHash": "sha256-+xFfYk17EI0zZTGmhh3MyeSpl7RVohoVp/4HaSvGj4I=",
        "owner": "shazow",
        "repo": "foundry.nix",
        "rev": "ece7c960a440c6725a7a5576d1f49a5fabde3747",
        "type": "github"
      },
      "original": {
        "owner": "shazow",
        "ref": "monthly",
        "repo": "foundry.nix",
        "type": "github"
      }
    },
    "foundry_2": {
      "inputs": {
        "flake-utils": "flake-utils_6",
        "nixpkgs": "nixpkgs_3"
      },
      "locked": {
        "lastModified": 1709457044,
        "narHash": "sha256-1SktmSjTjC1rhJwQ+kvqUeExKogNzserFGuoGwOerHw=",
        "owner": "shazow",
        "repo": "foundry.nix",
        "rev": "592e8ca2e82a2c3a8d0d4dcc7f7c5b8c3842efcd",
        "type": "github"
      },
      "original": {
        "owner": "shazow",
        "ref": "monthly",
        "repo": "foundry.nix",
        "type": "github"
      }
    },
    "foundry_3": {
      "inputs": {
        "flake-utils": "flake-utils_9",
        "nixpkgs": "nixpkgs_5"
      },
      "locked": {
        "lastModified": 1705216422,
        "narHash": "sha256-kIAi+aqJoOVhpQP5DWRDdNsrfBMn+GsCwiuwJhG4w/g=",
        "owner": "shazow",
        "repo": "foundry.nix",
        "rev": "9ecf12199280f738eaaad2d1224e54403dbdf426",
        "type": "github"
      },
      "original": {
        "owner": "shazow",
        "repo": "foundry.nix",
        "rev": "9ecf12199280f738eaaad2d1224e54403dbdf426",
        "type": "github"
      }
    },
    "foundry_4": {
      "inputs": {
        "flake-utils": "flake-utils_12",
        "nixpkgs": "nixpkgs_7"
      },
      "locked": {
        "lastModified": 1705216422,
        "narHash": "sha256-kIAi+aqJoOVhpQP5DWRDdNsrfBMn+GsCwiuwJhG4w/g=",
        "owner": "shazow",
        "repo": "foundry.nix",
        "rev": "9ecf12199280f738eaaad2d1224e54403dbdf426",
        "type": "github"
      },
      "original": {
        "owner": "shazow",
        "repo": "foundry.nix",
        "rev": "9ecf12199280f738eaaad2d1224e54403dbdf426",
        "type": "github"
      }
    },
    "naersk": {
      "inputs": {
        "nixpkgs": "nixpkgs_9"
      },
      "locked": {
        "lastModified": 1686572087,
        "narHash": "sha256-jXTut7ZSYqLEgm/nTk7TuVL2ExahTip605bLINklAnQ=",
        "owner": "nix-community",
        "repo": "naersk",
        "rev": "8507af04eb40c5520bd35d9ce6f9d2342cea5ad1",
        "type": "github"
      },
      "original": {
        "owner": "nix-community",
        "repo": "naersk",
        "type": "github"
      }
    },
    "nixpkgs": {
      "locked": {
        "lastModified": 1666753130,
        "narHash": "sha256-Wff1dGPFSneXJLI2c0kkdWTgxnQ416KE6X4KnFkgPYQ=",
        "owner": "NixOS",
        "repo": "nixpkgs",
        "rev": "f540aeda6f677354f1e7144ab04352f61aaa0118",
        "type": "github"
      },
      "original": {
        "id": "nixpkgs",
        "type": "indirect"
      }
    },
    "nixpkgs_10": {
      "locked": {
        "lastModified": 1687518131,
        "narHash": "sha256-KirltRIc4SFfk8bTNudIqgKAALH5oqpW3PefmkfWK5M=",
        "owner": "NixOS",
        "repo": "nixpkgs",
        "rev": "3d8a93602bc54ece7a4e689d9aea1a574e2bbc24",
        "type": "github"
      },
      "original": {
        "owner": "NixOS",
        "ref": "nixpkgs-unstable",
        "repo": "nixpkgs",
        "type": "github"
      }
    },
    "nixpkgs_11": {
      "locked": {
        "lastModified": 1681358109,
        "narHash": "sha256-eKyxW4OohHQx9Urxi7TQlFBTDWII+F+x2hklDOQPB50=",
        "owner": "NixOS",
        "repo": "nixpkgs",
        "rev": "96ba1c52e54e74c3197f4d43026b3f3d92e83ff9",
        "type": "github"
      },
      "original": {
        "owner": "NixOS",
        "ref": "nixpkgs-unstable",
        "repo": "nixpkgs",
        "type": "github"
      }
    },
    "nixpkgs_12": {
      "locked": {
        "lastModified": 1706487304,
        "narHash": "sha256-LE8lVX28MV2jWJsidW13D2qrHU/RUUONendL2Q/WlJg=",
        "owner": "NixOS",
        "repo": "nixpkgs",
        "rev": "90f456026d284c22b3e3497be980b2e47d0b28ac",
        "type": "github"
      },
      "original": {
        "owner": "NixOS",
        "ref": "nixpkgs-unstable",
        "repo": "nixpkgs",
        "type": "github"
      }
    },
    "nixpkgs_13": {
      "locked": {
        "lastModified": 1706487304,
        "narHash": "sha256-LE8lVX28MV2jWJsidW13D2qrHU/RUUONendL2Q/WlJg=",
        "owner": "NixOS",
        "repo": "nixpkgs",
        "rev": "90f456026d284c22b3e3497be980b2e47d0b28ac",
        "type": "github"
      },
      "original": {
        "owner": "NixOS",
        "ref": "nixpkgs-unstable",
        "repo": "nixpkgs",
        "type": "github"
      }
    },
    "nixpkgs_14": {
      "locked": {
        "lastModified": 1708564076,
        "narHash": "sha256-KKkqoxlgx9n3nwST7O2kM8tliDOijiSSNaWuSkiozdQ=",
        "owner": "NixOS",
        "repo": "nixpkgs",
        "rev": "98b00b6947a9214381112bdb6f89c25498db4959",
        "type": "github"
      },
      "original": {
        "owner": "NixOS",
        "ref": "nixpkgs-unstable",
        "repo": "nixpkgs",
        "type": "github"
      }
    },
    "nixpkgs_15": {
      "locked": {
        "lastModified": 1706487304,
        "narHash": "sha256-LE8lVX28MV2jWJsidW13D2qrHU/RUUONendL2Q/WlJg=",
        "owner": "NixOS",
        "repo": "nixpkgs",
        "rev": "90f456026d284c22b3e3497be980b2e47d0b28ac",
        "type": "github"
      },
      "original": {
        "owner": "NixOS",
        "ref": "nixpkgs-unstable",
        "repo": "nixpkgs",
        "type": "github"
      }
    },
    "nixpkgs_16": {
      "locked": {
        "lastModified": 1708564076,
        "narHash": "sha256-KKkqoxlgx9n3nwST7O2kM8tliDOijiSSNaWuSkiozdQ=",
        "owner": "NixOS",
        "repo": "nixpkgs",
        "rev": "98b00b6947a9214381112bdb6f89c25498db4959",
        "type": "github"
      },
      "original": {
        "owner": "NixOS",
        "ref": "nixpkgs-unstable",
        "repo": "nixpkgs",
        "type": "github"
      }
    },
    "nixpkgs_2": {
      "locked": {
        "lastModified": 1712609864,
        "narHash": "sha256-c0U5x9ucCKHZHqaJIy4eB0FTFNWbLLF9PyNsVDDj75w=",
        "owner": "nixos",
        "repo": "nixpkgs",
        "rev": "902522b1a069597be55bc1547fadaaeb62111019",
        "type": "github"
      },
      "original": {
        "owner": "nixos",
        "repo": "nixpkgs",
        "rev": "902522b1a069597be55bc1547fadaaeb62111019",
        "type": "github"
      }
    },
    "nixpkgs_3": {
      "locked": {
        "lastModified": 1666753130,
        "narHash": "sha256-Wff1dGPFSneXJLI2c0kkdWTgxnQ416KE6X4KnFkgPYQ=",
        "owner": "NixOS",
        "repo": "nixpkgs",
        "rev": "f540aeda6f677354f1e7144ab04352f61aaa0118",
        "type": "github"
      },
      "original": {
        "id": "nixpkgs",
        "type": "indirect"
      }
    },
    "nixpkgs_4": {
      "locked": {
        "lastModified": 1712609864,
        "narHash": "sha256-c0U5x9ucCKHZHqaJIy4eB0FTFNWbLLF9PyNsVDDj75w=",
        "owner": "nixos",
        "repo": "nixpkgs",
        "rev": "902522b1a069597be55bc1547fadaaeb62111019",
        "type": "github"
      },
      "original": {
        "owner": "nixos",
        "repo": "nixpkgs",
        "rev": "902522b1a069597be55bc1547fadaaeb62111019",
        "type": "github"
      }
    },
    "nixpkgs_5": {
      "locked": {
        "lastModified": 1666753130,
        "narHash": "sha256-Wff1dGPFSneXJLI2c0kkdWTgxnQ416KE6X4KnFkgPYQ=",
        "owner": "NixOS",
        "repo": "nixpkgs",
        "rev": "f540aeda6f677354f1e7144ab04352f61aaa0118",
        "type": "github"
      },
      "original": {
        "id": "nixpkgs",
        "type": "indirect"
      }
    },
    "nixpkgs_6": {
      "locked": {
        "lastModified": 1706634492,
        "narHash": "sha256-9wg1OQET7oCzzMsktGufJmfr2ylecL8T8YYqQo+qNSc=",
        "owner": "nixos",
        "repo": "nixpkgs",
        "rev": "dad88c029e2644adfde882f73e9338fd39058a3f",
        "type": "github"
      },
      "original": {
        "owner": "nixos",
        "repo": "nixpkgs",
        "rev": "dad88c029e2644adfde882f73e9338fd39058a3f",
        "type": "github"
      }
    },
    "nixpkgs_7": {
      "locked": {
        "lastModified": 1666753130,
        "narHash": "sha256-Wff1dGPFSneXJLI2c0kkdWTgxnQ416KE6X4KnFkgPYQ=",
        "owner": "NixOS",
        "repo": "nixpkgs",
        "rev": "f540aeda6f677354f1e7144ab04352f61aaa0118",
        "type": "github"
      },
      "original": {
        "id": "nixpkgs",
        "type": "indirect"
      }
    },
    "nixpkgs_8": {
      "locked": {
        "lastModified": 1706634492,
        "narHash": "sha256-9wg1OQET7oCzzMsktGufJmfr2ylecL8T8YYqQo+qNSc=",
        "owner": "nixos",
        "repo": "nixpkgs",
        "rev": "dad88c029e2644adfde882f73e9338fd39058a3f",
        "type": "github"
      },
      "original": {
        "owner": "nixos",
        "repo": "nixpkgs",
        "rev": "dad88c029e2644adfde882f73e9338fd39058a3f",
        "type": "github"
      }
    },
    "nixpkgs_9": {
      "locked": {
        "lastModified": 1687518131,
        "narHash": "sha256-KirltRIc4SFfk8bTNudIqgKAALH5oqpW3PefmkfWK5M=",
        "owner": "NixOS",
        "repo": "nixpkgs",
        "rev": "3d8a93602bc54ece7a4e689d9aea1a574e2bbc24",
        "type": "github"
      },
      "original": {
        "id": "nixpkgs",
        "type": "indirect"
      }
    },
    "rain": {
      "inputs": {
        "flake-utils": "flake-utils_4",
        "rainix": "rainix_2"
      },
      "locked": {
        "lastModified": 1713982615,
        "narHash": "sha256-LEmo3vlyIOr3W7J9sl1iXpBBWcys4D+MVG3NJRfZj+c=",
        "owner": "rainlanguage",
        "repo": "rain.cli",
        "rev": "63c9af98671604a54c7e319ff9b3f2978a57d5b8",
        "type": "github"
      },
      "original": {
        "owner": "rainlanguage",
        "repo": "rain.cli",
        "type": "github"
      }
    },
    "rain_2": {
      "inputs": {
        "flake-utils": "flake-utils_7",
        "rainix": "rainix_3"
      },
      "locked": {
        "lastModified": 1709330445,
        "narHash": "sha256-fNBo/pmPOkTbkKZRFnxR6QBQEk1QSL13iIdfPQN6jpg=",
        "owner": "rainlanguage",
        "repo": "rain.cli",
        "rev": "0f882121f9f26208c1ae062c368ee817b2ca1363",
        "type": "github"
      },
      "original": {
        "owner": "rainlanguage",
        "repo": "rain.cli",
        "type": "github"
      }
    },
    "rain_3": {
      "inputs": {
        "flake-utils": "flake-utils_10",
        "rainix": "rainix_4"
      },
      "locked": {
        "lastModified": 1706637129,
        "narHash": "sha256-dMyuaMux2bVChGb0DA1lyYw+SxyEz41CshmZsqGZwqM=",
        "owner": "rainlanguage",
        "repo": "rain.cli",
        "rev": "da5bb3446ea008cf9537c537ad30d4ef16f5d36f",
        "type": "github"
      },
      "original": {
        "owner": "rainlanguage",
        "repo": "rain.cli",
        "type": "github"
      }
    },
    "rain_4": {
      "inputs": {
        "flake-utils": "flake-utils_13",
        "naersk": "naersk",
        "nixpkgs": "nixpkgs_10"
      },
      "locked": {
        "lastModified": 1700476138,
        "narHash": "sha256-cpKb/QMQQgoV4xiEI/TSEW48v/8MxvGA9Q9BK75DnH4=",
        "owner": "rainprotocol",
        "repo": "rain.cli",
        "rev": "6a912680be6d967fd6114aafab793ebe8503d27b",
        "type": "github"
      },
      "original": {
        "owner": "rainprotocol",
        "repo": "rain.cli",
        "type": "github"
      }
    },
    "rainix": {
      "inputs": {
        "flake-utils": "flake-utils_2",
        "foundry": "foundry",
        "nixpkgs": "nixpkgs_2",
        "rain": "rain",
        "rust-overlay": "rust-overlay_4",
        "solc": "solc_2"
      },
      "locked": {
        "lastModified": 1714161679,
        "narHash": "sha256-9My5dH9pJoQMS4mkyk0cgu3FV64DkoHJOOHugGTDVgc=",
        "owner": "rainprotocol",
        "repo": "rainix",
        "rev": "38bdeda14882f6af40170be2079cd0286ba17bb7",
        "type": "github"
      },
      "original": {
        "owner": "rainprotocol",
        "repo": "rainix",
        "type": "github"
      }
    },
    "rainix_2": {
      "inputs": {
        "flake-utils": "flake-utils_5",
        "foundry": "foundry_2",
        "nixpkgs": "nixpkgs_4",
        "rain": "rain_2",
        "rust-overlay": "rust-overlay_3",
        "solc": "solc"
      },
      "locked": {
        "lastModified": 1713900533,
        "narHash": "sha256-8FUM4l4Quwnl+uwGwsH68MwbPMKwVXoerEcGx7sgK5U=",
        "owner": "rainprotocol",
        "repo": "rainix",
        "rev": "6097a125b4ab515e650a6f35d6018744c4ac3bc4",
        "type": "github"
      },
      "original": {
        "owner": "rainprotocol",
        "repo": "rainix",
        "rev": "6097a125b4ab515e650a6f35d6018744c4ac3bc4",
        "type": "github"
      }
    },
    "rainix_3": {
      "inputs": {
        "flake-utils": "flake-utils_8",
        "foundry": "foundry_3",
        "nixpkgs": "nixpkgs_6",
        "rain": "rain_3",
        "rust-overlay": "rust-overlay_2"
      },
      "locked": {
        "lastModified": 1707160817,
        "narHash": "sha256-ZLJ3/YlQqnrsFFc4BdO3d4QulAPnUjZYs9cJ+9+6FBo=",
        "owner": "rainprotocol",
        "repo": "rainix",
        "rev": "10cbcbe44d597b6e4618af28fb7977a79e241342",
        "type": "github"
      },
      "original": {
        "owner": "rainprotocol",
        "repo": "rainix",
        "type": "github"
      }
    },
    "rainix_4": {
      "inputs": {
        "flake-utils": "flake-utils_11",
        "foundry": "foundry_4",
        "nixpkgs": "nixpkgs_8",
        "rain": "rain_4",
        "rust-overlay": "rust-overlay"
      },
      "locked": {
        "lastModified": 1706636911,
        "narHash": "sha256-jcplLR2rPxwnNNPnBgHeFkCSsaPu5uwaBl5zLnpJVWo=",
        "owner": "rainprotocol",
        "repo": "rainix",
        "rev": "f68a83772f51d5230b61919322a2ffd6092b1107",
        "type": "github"
      },
      "original": {
        "owner": "rainprotocol",
        "repo": "rainix",
        "type": "github"
      }
    },
    "root": {
      "inputs": {
        "flake-utils": "flake-utils",
        "rainix": "rainix"
      }
    },
    "rust-overlay": {
      "inputs": {
        "flake-utils": "flake-utils_14",
        "nixpkgs": "nixpkgs_11"
      },
      "locked": {
        "lastModified": 1706580650,
        "narHash": "sha256-e6q4Pn1dp3NoQJdMYdyNdDHU5IRBW9i3bHSJ3jThEL0=",
        "owner": "oxalica",
        "repo": "rust-overlay",
        "rev": "39e20b3c02caa91c9970beef325a04975d83d77f",
        "type": "github"
      },
      "original": {
        "owner": "oxalica",
        "repo": "rust-overlay",
        "type": "github"
      }
    },
    "rust-overlay_2": {
      "inputs": {
        "flake-utils": "flake-utils_15",
        "nixpkgs": "nixpkgs_12"
      },
      "locked": {
        "lastModified": 1706634984,
        "narHash": "sha256-xn7lGPE8gRGBe3Lt8ESoN/uUHm7IrbiV7siupwjHX1o=",
        "owner": "oxalica",
        "repo": "rust-overlay",
        "rev": "883b84c426107a8ec020e7124f263d7c35a5bb9f",
        "type": "github"
      },
      "original": {
        "owner": "oxalica",
        "repo": "rust-overlay",
        "type": "github"
      }
    },
    "rust-overlay_3": {
      "inputs": {
        "flake-utils": "flake-utils_16",
        "nixpkgs": "nixpkgs_13"
      },
      "locked": {
        "lastModified": 1711851236,
        "narHash": "sha256-EJ03x3N9ihhonAttkaCrqxb0djDq3URCuDpmVPbNZhA=",
        "owner": "oxalica",
        "repo": "rust-overlay",
        "rev": "f258266af947599e8069df1c2e933189270f143a",
        "type": "github"
      },
      "original": {
        "owner": "oxalica",
        "repo": "rust-overlay",
        "type": "github"
      }
    },
    "rust-overlay_4": {
      "inputs": {
        "flake-utils": "flake-utils_18",
        "nixpkgs": "nixpkgs_15"
      },
      "locked": {
        "lastModified": 1713924823,
        "narHash": "sha256-kOeyS3GFwgnKvzuBMmFqEAX0xwZ7Nj4/5tXuvpZ0d4U=",
        "owner": "oxalica",
        "repo": "rust-overlay",
        "rev": "8a2edac3ae926a2a6ce60f4595dcc4540fc8cad4",
        "type": "github"
      },
      "original": {
        "owner": "oxalica",
        "repo": "rust-overlay",
        "type": "github"
      }
    },
    "solc": {
      "inputs": {
        "flake-utils": "flake-utils_17",
        "nixpkgs": "nixpkgs_14"
      },
      "locked": {
        "lastModified": 1711538161,
        "narHash": "sha256-rETVdEIQ2PyEcNgzXXFSiYAYl0koCeGDIWp9XYBTxoQ=",
        "owner": "hellwolf",
        "repo": "solc.nix",
        "rev": "a995838545a7383a0b37776e969743b1346d5479",
        "type": "github"
      },
      "original": {
        "owner": "hellwolf",
        "repo": "solc.nix",
        "type": "github"
      }
    },
    "solc_2": {
      "inputs": {
        "flake-utils": "flake-utils_19",
        "nixpkgs": "nixpkgs_16"
      },
      "locked": {
        "lastModified": 1711538161,
        "narHash": "sha256-rETVdEIQ2PyEcNgzXXFSiYAYl0koCeGDIWp9XYBTxoQ=",
        "owner": "hellwolf",
        "repo": "solc.nix",
        "rev": "a995838545a7383a0b37776e969743b1346d5479",
        "type": "github"
      },
      "original": {
        "owner": "hellwolf",
        "repo": "solc.nix",
        "type": "github"
      }
    },
    "systems": {
      "locked": {
        "lastModified": 1681028828,
        "narHash": "sha256-Vy1rq5AaRuLzOxct8nz4T6wlgyUR7zLU309k9mBC768=",
        "owner": "nix-systems",
        "repo": "default",
        "rev": "da67096a3b9bf56a91d16901293e51ba5b49a27e",
        "type": "github"
      },
      "original": {
        "owner": "nix-systems",
        "repo": "default",
        "type": "github"
      }
    },
    "systems_10": {
      "locked": {
        "lastModified": 1681028828,
        "narHash": "sha256-Vy1rq5AaRuLzOxct8nz4T6wlgyUR7zLU309k9mBC768=",
        "owner": "nix-systems",
        "repo": "default",
        "rev": "da67096a3b9bf56a91d16901293e51ba5b49a27e",
        "type": "github"
      },
      "original": {
        "owner": "nix-systems",
        "repo": "default",
        "type": "github"
      }
    },
    "systems_11": {
      "locked": {
        "lastModified": 1681028828,
        "narHash": "sha256-Vy1rq5AaRuLzOxct8nz4T6wlgyUR7zLU309k9mBC768=",
        "owner": "nix-systems",
        "repo": "default",
        "rev": "da67096a3b9bf56a91d16901293e51ba5b49a27e",
        "type": "github"
      },
      "original": {
        "owner": "nix-systems",
        "repo": "default",
        "type": "github"
      }
    },
    "systems_12": {
      "locked": {
        "lastModified": 1681028828,
        "narHash": "sha256-Vy1rq5AaRuLzOxct8nz4T6wlgyUR7zLU309k9mBC768=",
        "owner": "nix-systems",
        "repo": "default",
        "rev": "da67096a3b9bf56a91d16901293e51ba5b49a27e",
        "type": "github"
      },
      "original": {
        "owner": "nix-systems",
        "repo": "default",
        "type": "github"
      }
    },
    "systems_13": {
      "locked": {
        "lastModified": 1681028828,
        "narHash": "sha256-Vy1rq5AaRuLzOxct8nz4T6wlgyUR7zLU309k9mBC768=",
        "owner": "nix-systems",
        "repo": "default",
        "rev": "da67096a3b9bf56a91d16901293e51ba5b49a27e",
        "type": "github"
      },
      "original": {
        "owner": "nix-systems",
        "repo": "default",
        "type": "github"
      }
    },
    "systems_14": {
      "locked": {
        "lastModified": 1681028828,
        "narHash": "sha256-Vy1rq5AaRuLzOxct8nz4T6wlgyUR7zLU309k9mBC768=",
        "owner": "nix-systems",
        "repo": "default",
        "rev": "da67096a3b9bf56a91d16901293e51ba5b49a27e",
        "type": "github"
      },
      "original": {
        "owner": "nix-systems",
        "repo": "default",
        "type": "github"
      }
    },
    "systems_15": {
      "locked": {
        "lastModified": 1681028828,
        "narHash": "sha256-Vy1rq5AaRuLzOxct8nz4T6wlgyUR7zLU309k9mBC768=",
        "owner": "nix-systems",
        "repo": "default",
        "rev": "da67096a3b9bf56a91d16901293e51ba5b49a27e",
        "type": "github"
      },
      "original": {
        "owner": "nix-systems",
        "repo": "default",
        "type": "github"
      }
    },
    "systems_2": {
      "locked": {
        "lastModified": 1681028828,
        "narHash": "sha256-Vy1rq5AaRuLzOxct8nz4T6wlgyUR7zLU309k9mBC768=",
        "owner": "nix-systems",
        "repo": "default",
        "rev": "da67096a3b9bf56a91d16901293e51ba5b49a27e",
        "type": "github"
      },
      "original": {
        "owner": "nix-systems",
        "repo": "default",
        "type": "github"
      }
    },
    "systems_3": {
      "locked": {
        "lastModified": 1681028828,
        "narHash": "sha256-Vy1rq5AaRuLzOxct8nz4T6wlgyUR7zLU309k9mBC768=",
        "owner": "nix-systems",
        "repo": "default",
        "rev": "da67096a3b9bf56a91d16901293e51ba5b49a27e",
        "type": "github"
      },
      "original": {
        "owner": "nix-systems",
        "repo": "default",
        "type": "github"
      }
    },
    "systems_4": {
      "locked": {
        "lastModified": 1681028828,
        "narHash": "sha256-Vy1rq5AaRuLzOxct8nz4T6wlgyUR7zLU309k9mBC768=",
        "owner": "nix-systems",
        "repo": "default",
        "rev": "da67096a3b9bf56a91d16901293e51ba5b49a27e",
        "type": "github"
      },
      "original": {
        "owner": "nix-systems",
        "repo": "default",
        "type": "github"
      }
    },
    "systems_5": {
      "locked": {
        "lastModified": 1681028828,
        "narHash": "sha256-Vy1rq5AaRuLzOxct8nz4T6wlgyUR7zLU309k9mBC768=",
        "owner": "nix-systems",
        "repo": "default",
        "rev": "da67096a3b9bf56a91d16901293e51ba5b49a27e",
        "type": "github"
      },
      "original": {
        "owner": "nix-systems",
        "repo": "default",
        "type": "github"
      }
    },
    "systems_6": {
      "locked": {
        "lastModified": 1681028828,
        "narHash": "sha256-Vy1rq5AaRuLzOxct8nz4T6wlgyUR7zLU309k9mBC768=",
        "owner": "nix-systems",
        "repo": "default",
        "rev": "da67096a3b9bf56a91d16901293e51ba5b49a27e",
        "type": "github"
      },
      "original": {
        "owner": "nix-systems",
        "repo": "default",
        "type": "github"
      }
    },
    "systems_7": {
      "locked": {
        "lastModified": 1681028828,
        "narHash": "sha256-Vy1rq5AaRuLzOxct8nz4T6wlgyUR7zLU309k9mBC768=",
        "owner": "nix-systems",
        "repo": "default",
        "rev": "da67096a3b9bf56a91d16901293e51ba5b49a27e",
        "type": "github"
      },
      "original": {
        "owner": "nix-systems",
        "repo": "default",
        "type": "github"
      }
    },
    "systems_8": {
      "locked": {
        "lastModified": 1681028828,
        "narHash": "sha256-Vy1rq5AaRuLzOxct8nz4T6wlgyUR7zLU309k9mBC768=",
        "owner": "nix-systems",
        "repo": "default",
        "rev": "da67096a3b9bf56a91d16901293e51ba5b49a27e",
        "type": "github"
      },
      "original": {
        "owner": "nix-systems",
        "repo": "default",
        "type": "github"
      }
    },
    "systems_9": {
      "locked": {
        "lastModified": 1681028828,
        "narHash": "sha256-Vy1rq5AaRuLzOxct8nz4T6wlgyUR7zLU309k9mBC768=",
        "owner": "nix-systems",
        "repo": "default",
        "rev": "da67096a3b9bf56a91d16901293e51ba5b49a27e",
        "type": "github"
      },
      "original": {
        "owner": "nix-systems",
        "repo": "default",
        "type": "github"
      }
    }
  },
  "root": "root",
  "version": 7
}
