lockfileVersion: 5.4

importers:

  packages/ui:
    specifiers:
      '@fontsource/dm-sans': ^4.5.0
      '@headlessui/react': ^1.6.0
      '@heroicons/react': ^1.0.6
      '@sushiswap/config': workspace:*
      '@sushiswap/hooks': workspace:*
      '@tailwindcss/aspect-ratio': ^0.4.0
      '@tailwindcss/forms': ^0.5.0
      '@tailwindcss/line-clamp': ^0.4.0
      '@tailwindcss/typography': ^0.5.2
      '@types/react': ^18.0.8
      '@types/react-dom': ^18.0.3
      classnames: ^2.3.1
      react: ^18.1.0
      react-dom: ^18.1.0
      typescript: ^4.6.4
    dependencies:
      '@fontsource/dm-sans': 4.5.7
      '@headlessui/react': 1.6.1_ef5jwxihqo6n7gxfmzogljlgcm
      '@heroicons/react': 1.0.6_react@18.1.0
      '@sushiswap/hooks': link:../hooks
      '@tailwindcss/aspect-ratio': 0.4.0
      '@tailwindcss/forms': 0.5.1
      '@tailwindcss/line-clamp': 0.4.0
      '@tailwindcss/typography': 0.5.2
      classnames: 2.3.1
    devDependencies:
      '@sushiswap/config': link:../config
      '@types/react': 18.0.8
      '@types/react-dom': 18.0.3
      react: 18.1.0
      react-dom: 18.1.0_react@18.1.0
      typescript: 4.6.4

packages:

  /@fontsource/dm-sans/4.5.7:
    resolution: {integrity: sha512-pYzU78F4HZHMpERjarfOnQZ20XL2thfDXTaZW30CoQgfqgZSSxHDfB6bVrs6jUPrgeAxK5ZuGG9hkpvZJT7SdQ==}
    dev: false

  /@headlessui/react/1.6.1_ef5jwxihqo6n7gxfmzogljlgcm:
    resolution: {integrity: sha512-gMd6uIs1U4Oz718Z5gFoV0o/vD43/4zvbyiJN9Dt7PK9Ubxn+TmJwTmYwyNJc5KxxU1t0CmgTNgwZX9+4NjCnQ==}
    engines: {node: '>=10'}
    peerDependencies:
      react: ^16 || ^17 || ^18
      react-dom: ^16 || ^17 || ^18
    dependencies:
      react: 18.1.0
      react-dom: 18.1.0_react@18.1.0
    dev: false

  /@heroicons/react/1.0.6_react@18.1.0:
    resolution: {integrity: sha512-JJCXydOFWMDpCP4q13iEplA503MQO3xLoZiKum+955ZCtHINWnx26CUxVxxFQu/uLb4LW3ge15ZpzIkXKkJ8oQ==}
    peerDependencies:
      react: '>= 16'
    dependencies:
      react: 18.1.0
    dev: false

  /@tailwindcss/aspect-ratio/0.4.0:
    resolution: {integrity: sha512-WJu0I4PpqNPuutpaA9zDUq2JXR+lorZ7PbLcKNLmb6GL9/HLfC7w3CRsMhJF4BbYd/lkY6CfXOvkYpuGnZfkpQ==}
    peerDependencies:
      tailwindcss: '>=2.0.0 || >=3.0.0 || >=3.0.0-alpha.1'
    dev: false

  /@tailwindcss/forms/0.5.1:
    resolution: {integrity: sha512-QSwsFORnC2BAP0lRzQkz1pw+EzIiiPdk4e27vGQjyXkwJPeC7iLIRVndJzf9CJVbcrrIcirb/TfxF3gRTyFEVA==}
    peerDependencies:
      tailwindcss: '>=3.0.0 || >= 3.0.0-alpha.1'
    dependencies:
      mini-svg-data-uri: 1.4.4
    dev: false

  /@tailwindcss/line-clamp/0.4.0:
    resolution: {integrity: sha512-HQZo6gfx1D0+DU3nWlNLD5iA6Ef4JAXh0LeD8lOGrJwEDBwwJNKQza6WoXhhY1uQrxOuU8ROxV7CqiQV4CoiLw==}
    peerDependencies:
      tailwindcss: '>=2.0.0 || >=3.0.0 || >=3.0.0-alpha.1'
    dev: false

  /@tailwindcss/typography/0.5.2:
    resolution: {integrity: sha512-coq8DBABRPFcVhVIk6IbKyyHUt7YTEC/C992tatFB+yEx5WGBQrCgsSFjxHUr8AWXphWckadVJbominEduYBqw==}
    peerDependencies:
      tailwindcss: '>=3.0.0 || >= 3.0.0-alpha.1 || insiders'
    dependencies:
      lodash.castarray: 4.4.0
      lodash.isplainobject: 4.0.6
      lodash.merge: 4.6.2
    dev: false

  /@types/prop-types/15.7.5:
    resolution: {integrity: sha512-JCB8C6SnDoQf0cNycqd/35A7MjcnK+ZTqE7judS6o7utxUCg6imJg3QK2qzHKszlTjcj2cn+NwMB2i96ubpj7w==}
    dev: true

  /@types/react-dom/18.0.3:
    resolution: {integrity: sha512-1RRW9kst+67gveJRYPxGmVy8eVJ05O43hg77G2j5m76/RFJtMbcfAs2viQ2UNsvvDg8F7OfQZx8qQcl6ymygaQ==}
    dependencies:
      '@types/react': 18.0.8
    dev: true

  /@types/react/18.0.8:
    resolution: {integrity: sha512-+j2hk9BzCOrrOSJASi5XiOyBbERk9jG5O73Ya4M0env5Ixi6vUNli4qy994AINcEF+1IEHISYFfIT4zwr++LKw==}
    dependencies:
      '@types/prop-types': 15.7.5
      '@types/scheduler': 0.16.2
      csstype: 3.0.11
    dev: true

  /@types/scheduler/0.16.2:
    resolution: {integrity: sha512-hppQEBDmlwhFAXKJX2KnWLYu5yMfi91yazPb2l+lbJiwW+wdo1gNeRA+3RgNSO39WYX2euey41KEwnqesU2Jew==}
    dev: true

  /classnames/2.3.1:
    resolution: {integrity: sha512-OlQdbZ7gLfGarSqxesMesDa5uz7KFbID8Kpq/SxIoNGDqY8lSYs0D+hhtBXhcdB3rcbXArFr7vlHheLk1voeNA==}
    dev: false

  /csstype/3.0.11:
    resolution: {integrity: sha512-sa6P2wJ+CAbgyy4KFssIb/JNMLxFvKF1pCYCSXS8ZMuqZnMsrxqI2E5sPyoTpxoPU/gVZMzr2zjOfg8GIZOMsw==}
    dev: true

  /js-tokens/4.0.0:
    resolution: {integrity: sha512-RdJUflcE3cUzKiMqQgsCu06FPu9UdIJO0beYbPhHN4k6apgJtifcoCtT9bcxOpYBtpD2kCM6Sbzg4CausW/PKQ==}
    dev: true

  /lodash.castarray/4.4.0:
    resolution: {integrity: sha1-wCUTUV4wna3dTCTGDP3c9ZdtkRU=}
    dev: false

  /lodash.isplainobject/4.0.6:
    resolution: {integrity: sha1-fFJqUtibRcRcxpC4gWO+BJf1UMs=}
    dev: false

  /lodash.merge/4.6.2:
    resolution: {integrity: sha512-0KpjqXRVvrYyCsX1swR/XTK0va6VQkQM6MNo7PqW77ByjAhoARA8EfrP1N4+KlKj8YS0ZUCtRT/YUuhyYDujIQ==}
    dev: false

  /loose-envify/1.4.0:
    resolution: {integrity: sha512-lyuxPGr/Wfhrlem2CL/UcnUc1zcqKAImBDzukY7Y5F/yQiNdko6+fRLevlw1HgMySw7f611UIY408EtxRSoK3Q==}
    hasBin: true
    dependencies:
      js-tokens: 4.0.0
    dev: true

  /mini-svg-data-uri/1.4.4:
    resolution: {integrity: sha512-r9deDe9p5FJUPZAk3A59wGH7Ii9YrjjWw0jmw/liSbHl2CHiyXj6FcDXDu2K3TjVAXqiJdaw3xxwlZZr9E6nHg==}
    hasBin: true
    dev: false

  /react-dom/18.1.0_react@18.1.0:
    resolution: {integrity: sha512-fU1Txz7Budmvamp7bshe4Zi32d0ll7ect+ccxNu9FlObT605GOEB8BfO4tmRJ39R5Zj831VCpvQ05QPBW5yb+w==}
    peerDependencies:
      react: ^18.1.0
    dependencies:
      loose-envify: 1.4.0
      react: 18.1.0
      scheduler: 0.22.0
    dev: true

  /react/18.1.0:
    resolution: {integrity: sha512-4oL8ivCz5ZEPyclFQXaNksK3adutVS8l2xzZU0cqEFrE9Sb7fC0EFK5uEk74wIreL1DERyjvsU915j1pcT2uEQ==}
    engines: {node: '>=0.10.0'}
    dependencies:
      loose-envify: 1.4.0
    dev: true

  /scheduler/0.22.0:
    resolution: {integrity: sha512-6QAm1BgQI88NPYymgGQLCZgvep4FyePDWFpXVK+zNSUgHwlqpJy8VEh8Et0KxTACS4VWwMousBElAZOH9nkkoQ==}
    dependencies:
      loose-envify: 1.4.0
    dev: true

  /typescript/4.6.4:
    resolution: {integrity: sha512-9ia/jWHIEbo49HfjrLGfKbZSuWo9iTMwXO+Ca3pRsSpbsMbc7/IU8NKdCZVRRBafVPGnoJeFL76ZOAA84I9fEg==}
    engines: {node: '>=4.2.0'}
    hasBin: true
    dev: true
