# THIS IS AN AUTOGENERATED FILE. DO NOT EDIT THIS FILE DIRECTLY.
# yarn lockfile v1


"@boringcrypto/boring-solidity@boringcrypto/BoringSolidity#371a01c11465eb1c881193c60a53c0bf15ee8a19":
  version "1.2.1"
  resolved "https://codeload.github.com/boringcrypto/BoringSolidity/tar.gz/371a01c11465eb1c881193c60a53c0bf15ee8a19"
